<?xml version="1.0" encoding="utf-8"?>
<Project ToolsVersion="4.0" xmlns="http://schemas.microsoft.com/developer/msbuild/2003">
  <ItemGroup>
    <Filter Include="Core">
      <UniqueIdentifier>{4c405051-83b4-4130-b17a-06cedeabd4ff}</UniqueIdentifier>
    </Filter>
    <Filter Include="Main">
      <UniqueIdentifier>{dfd658be-9e4f-4ff8-8296-7d7cf63c100e}</UniqueIdentifier>
    </Filter>
    <Filter Include="Core\Objects">
      <UniqueIdentifier>{1a16b0fa-021e-42bf-8e0b-0283edd252d6}</UniqueIdentifier>
    </Filter>
  </ItemGroup>
  <ItemGroup>
    <ClInclude Include="Common.h">
      <Filter>Core</Filter>
    </ClInclude>
    <ClInclude Include="FMath.h">
      <Filter>Core</Filter>
    </ClInclude>
    <ClInclude Include="Log.h">
      <Filter>Core</Filter>
    </ClInclude>
    <ClInclude Include="MainMenu.h">
      <Filter>Main</Filter>
    </ClInclude>
    <ClInclude Include="AxObject.h">
      <Filter>Core\Objects</Filter>
    </ClInclude>
    <ClInclude Include="AxCore.h">
      <Filter>Core</Filter>
    </ClInclude>
    <ClInclude Include="AxMenu.h">
      <Filter>Core\Objects</Filter>
    </ClInclude>
    <ClInclude Include="AxLabel.h">
      <Filter>Core\Objects</Filter>
    </ClInclude>
    <ClInclude Include="AxMenuItem.h">
      <Filter>Core\Objects</Filter>
    </ClInclude>
    <ClInclude Include="AxMenuHandler.h">
      <Filter>Core\Objects</Filter>
    </ClInclude>
    <ClInclude Include="AxMenuList.h">
      <Filter>Core\Objects</Filter>
    </ClInclude>
  </ItemGroup>
  <ItemGroup>
    <ClCompile Include="Log.cpp">
      <Filter>Core</Filter>
    </ClCompile>
    <ClCompile Include="main.cpp">
      <Filter>Main</Filter>
    </ClCompile>
    <ClCompile Include="MainMenu.cpp">
      <Filter>Main</Filter>
    </ClCompile>
    <ClCompile Include="AxObject.cpp">
      <Filter>Core\Objects</Filter>
    </ClCompile>
    <ClCompile Include="AxCore.cpp">
      <Filter>Core</Filter>
    </ClCompile>
    <ClCompile Include="AxMenu.cpp">
      <Filter>Core\Objects</Filter>
    </ClCompile>
    <ClCompile Include="AxLabel.cpp">
      <Filter>Core\Objects</Filter>
    </ClCompile>
    <ClCompile Include="AxMenuItem.cpp">
      <Filter>Core\Objects</Filter>
    </ClCompile>
    <ClCompile Include="AxMenuHandler.cpp">
      <Filter>Core\Objects</Filter>
    </ClCompile>
    <ClCompile Include="AxMenuList.cpp">
      <Filter>Core\Objects</Filter>
    </ClCompile>
  </ItemGroup>
</Project>