<?xml version="1.0" encoding="utf-8"?>
<Project ToolsVersion="4.0" xmlns="http://schemas.microsoft.com/developer/msbuild/2003">
  <ItemGroup>
    <Filter Include="Core">
      <UniqueIdentifier>{4c405051-83b4-4130-b17a-06cedeabd4ff}</UniqueIdentifier>
    </Filter>
    <Filter Include="Menu">
      <UniqueIdentifier>{0278538f-5527-4b07-95f9-cbac3747f831}</UniqueIdentifier>
    </Filter>
    <Filter Include="Explorer">
      <UniqueIdentifier>{34995f46-6dcf-46d4-a5f3-267a20c8fcb1}</UniqueIdentifier>
    </Filter>
    <Filter Include="Main">
      <UniqueIdentifier>{dfd658be-9e4f-4ff8-8296-7d7cf63c100e}</UniqueIdentifier>
    </Filter>
  </ItemGroup>
  <ItemGroup>
    <ClInclude Include="Common.h">
      <Filter>Core</Filter>
    </ClInclude>
    <ClInclude Include="FMath.h">
      <Filter>Core</Filter>
    </ClInclude>
    <ClInclude Include="Title.h">
      <Filter>Menu</Filter>
    </ClInclude>
    <ClInclude Include="Explorer.h">
      <Filter>Explorer</Filter>
    </ClInclude>
    <ClInclude Include="MenuItem.h">
      <Filter>Menu</Filter>
    </ClInclude>
    <ClInclude Include="Menu.h">
      <Filter>Menu</Filter>
    </ClInclude>
    <ClInclude Include="MenuList.h">
      <Filter>Menu</Filter>
    </ClInclude>
    <ClInclude Include="MenuHandler.h">
      <Filter>Menu</Filter>
    </ClInclude>
    <ClInclude Include="Log.h">
      <Filter>Core</Filter>
    </ClInclude>
    <ClInclude Include="MainMenu.h">
      <Filter>Main</Filter>
    </ClInclude>
  </ItemGroup>
  <ItemGroup>
    <ClCompile Include="Explorer.cpp">
      <Filter>Explorer</Filter>
    </ClCompile>
    <ClCompile Include="Title.cpp">
      <Filter>Menu</Filter>
    </ClCompile>
    <ClCompile Include="MenuItem.cpp">
      <Filter>Menu</Filter>
    </ClCompile>
    <ClCompile Include="Menu.cpp">
      <Filter>Menu</Filter>
    </ClCompile>
    <ClCompile Include="MenuList.cpp">
      <Filter>Menu</Filter>
    </ClCompile>
    <ClCompile Include="Log.cpp">
      <Filter>Core</Filter>
    </ClCompile>
    <ClCompile Include="MenuHandler.cpp">
      <Filter>Menu</Filter>
    </ClCompile>
    <ClCompile Include="main.cpp">
      <Filter>Main</Filter>
    </ClCompile>
    <ClCompile Include="MainMenu.cpp">
      <Filter>Main</Filter>
    </ClCompile>
  </ItemGroup>
</Project>