<?xml version="1.0" encoding="utf-8"?>
<Project ToolsVersion="4.0" xmlns="http://schemas.microsoft.com/developer/msbuild/2003">
  <ItemGroup>
    <Filter Include="Core">
      <UniqueIdentifier>{4c405051-83b4-4130-b17a-06cedeabd4ff}</UniqueIdentifier>
    </Filter>
    <Filter Include="Main">
      <UniqueIdentifier>{dfd658be-9e4f-4ff8-8296-7d7cf63c100e}</UniqueIdentifier>
    </Filter>
    <Filter Include="Core\Objects">
      <UniqueIdentifier>{1a16b0fa-021e-42bf-8e0b-0283edd252d6}</UniqueIdentifier>
    </Filter>
    <Filter Include="Core\Main">
      <UniqueIdentifier>{35875ecd-8d01-4e1a-a0b0-11b54d64e42d}</UniqueIdentifier>
    </Filter>
    <Filter Include="Core\Utils">
      <UniqueIdentifier>{feabfbc7-c1a8-4d49-be30-4b35c5c65411}</UniqueIdentifier>
    </Filter>
  </ItemGroup>
  <ItemGroup>
    <ClInclude Include="MainMenu.h">
      <Filter>Main</Filter>
    </ClInclude>
    <ClInclude Include="AxMenu.h">
      <Filter>Core\Objects</Filter>
    </ClInclude>
    <ClInclude Include="AxLabel.h">
      <Filter>Core\Objects</Filter>
    </ClInclude>
    <ClInclude Include="AxMenuItem.h">
      <Filter>Core\Objects</Filter>
    </ClInclude>
    <ClInclude Include="AxMenuHandler.h">
      <Filter>Core\Objects</Filter>
    </ClInclude>
    <ClInclude Include="AxCore.h">
      <Filter>Core\Main</Filter>
    </ClInclude>
    <ClInclude Include="AxNode.h">
      <Filter>Core\Objects</Filter>
    </ClInclude>
    <ClInclude Include="FMath.h">
      <Filter>Core\Utils</Filter>
    </ClInclude>
    <ClInclude Include="Common.h">
      <Filter>Core\Utils</Filter>
    </ClInclude>
    <ClInclude Include="AxCoord.h">
      <Filter>Core\Utils</Filter>
    </ClInclude>
    <ClInclude Include="AxLog.h">
      <Filter>Core\Utils</Filter>
    </ClInclude>
  </ItemGroup>
  <ItemGroup>
    <ClCompile Include="main.cpp">
      <Filter>Main</Filter>
    </ClCompile>
    <ClCompile Include="MainMenu.cpp">
      <Filter>Main</Filter>
    </ClCompile>
    <ClCompile Include="AxMenu.cpp">
      <Filter>Core\Objects</Filter>
    </ClCompile>
    <ClCompile Include="AxLabel.cpp">
      <Filter>Core\Objects</Filter>
    </ClCompile>
    <ClCompile Include="AxMenuItem.cpp">
      <Filter>Core\Objects</Filter>
    </ClCompile>
    <ClCompile Include="AxMenuHandler.cpp">
      <Filter>Core\Objects</Filter>
    </ClCompile>
    <ClCompile Include="AxCore.cpp">
      <Filter>Core\Main</Filter>
    </ClCompile>
    <ClCompile Include="AxNode.cpp">
      <Filter>Core\Objects</Filter>
    </ClCompile>
    <ClCompile Include="AxCoord.cpp">
      <Filter>Core\Utils</Filter>
    </ClCompile>
    <ClCompile Include="AxLog.cpp">
      <Filter>Core\Utils</Filter>
    </ClCompile>
  </ItemGroup>
</Project>